// !$*UTF8*$!
{
	archiveVersion = 1;
	classes = {
	};
	objectVersion = 48;
	objects = {

/* Begin PBXBuildFile section */
		4B0131361F0E114600F35D70 /* TableInputCell.swift in Sources */ = {isa = PBXBuildFile; fileRef = 4B0131351F0E114600F35D70 /* TableInputCell.swift */; };
		4B5B9B3B1F0DDD580056E239 /* AppDelegate.swift in Sources */ = {isa = PBXBuildFile; fileRef = 4B5B9B3A1F0DDD580056E239 /* AppDelegate.swift */; };
		4B5B9B3D1F0DDD580056E239 /* TableViewController.swift in Sources */ = {isa = PBXBuildFile; fileRef = 4B5B9B3C1F0DDD580056E239 /* TableViewController.swift */; };
		4B5B9B401F0DDD580056E239 /* Main.storyboard in Resources */ = {isa = PBXBuildFile; fileRef = 4B5B9B3E1F0DDD580056E239 /* Main.storyboard */; };
		4B5B9B421F0DDD580056E239 /* Assets.xcassets in Resources */ = {isa = PBXBuildFile; fileRef = 4B5B9B411F0DDD580056E239 /* Assets.xcassets */; };
		4B5B9B451F0DDD580056E239 /* LaunchScreen.storyboard in Resources */ = {isa = PBXBuildFile; fileRef = 4B5B9B431F0DDD580056E239 /* LaunchScreen.storyboard */; };
		63DB5DC427936CD100F3F4AF /* ToDoDemoTests.swift in Sources */ = {isa = PBXBuildFile; fileRef = 63DB5DC327936CD100F3F4AF /* ToDoDemoTests.swift */; };
		63DB5DCD2794331B00F3F4AF /* TablePresenter.swift in Sources */ = {isa = PBXBuildFile; fileRef = 63DB5DCC2794331B00F3F4AF /* TablePresenter.swift */; };
		63DB5DD22794757400F3F4AF /* Section.swift in Sources */ = {isa = PBXBuildFile; fileRef = 63DB5DD12794757400F3F4AF /* Section.swift */; };
		63DB5DD4279475B500F3F4AF /* InputSection.swift in Sources */ = {isa = PBXBuildFile; fileRef = 63DB5DD3279475B500F3F4AF /* InputSection.swift */; };
		63DB5DD6279475E500F3F4AF /* ToDoSection.swift in Sources */ = {isa = PBXBuildFile; fileRef = 63DB5DD5279475E500F3F4AF /* ToDoSection.swift */; };
		63DB5DD82795201000F3F4AF /* ToDoUIComposer.swift in Sources */ = {isa = PBXBuildFile; fileRef = 63DB5DD72795201000F3F4AF /* ToDoUIComposer.swift */; };
		63DB5DDC279523F600F3F4AF /* AppDelegateTests.swift in Sources */ = {isa = PBXBuildFile; fileRef = 63DB5DDB279523F600F3F4AF /* AppDelegateTests.swift */; };
		63DB5DDE2795654E00F3F4AF /* WeakRefVirtualProxy.swift in Sources */ = {isa = PBXBuildFile; fileRef = 63DB5DDD2795654E00F3F4AF /* WeakRefVirtualProxy.swift */; };
		D1CA9FF81F0E4FA6003EA944 /* ToDoStore.swift in Sources */ = {isa = PBXBuildFile; fileRef = D1CA9FF71F0E4FA6003EA944 /* ToDoStore.swift */; };
/* End PBXBuildFile section */

/* Begin PBXContainerItemProxy section */
		63DB5DC527936CD100F3F4AF /* PBXContainerItemProxy */ = {
			isa = PBXContainerItemProxy;
			containerPortal = 4B5B9B2F1F0DDD580056E239 /* Project object */;
			proxyType = 1;
			remoteGlobalIDString = 4B5B9B361F0DDD580056E239;
			remoteInfo = ToDoDemo;
		};
/* End PBXContainerItemProxy section */

/* Begin PBXFileReference section */
		4B0131351F0E114600F35D70 /* TableInputCell.swift */ = {isa = PBXFileReference; lastKnownFileType = sourcecode.swift; path = TableInputCell.swift; sourceTree = "<group>"; };
		4B5B9B371F0DDD580056E239 /* ToDoDemo.app */ = {isa = PBXFileReference; explicitFileType = wrapper.application; includeInIndex = 0; path = ToDoDemo.app; sourceTree = BUILT_PRODUCTS_DIR; };
		4B5B9B3A1F0DDD580056E239 /* AppDelegate.swift */ = {isa = PBXFileReference; lastKnownFileType = sourcecode.swift; path = AppDelegate.swift; sourceTree = "<group>"; };
		4B5B9B3C1F0DDD580056E239 /* TableViewController.swift */ = {isa = PBXFileReference; lastKnownFileType = sourcecode.swift; path = TableViewController.swift; sourceTree = "<group>"; };
		4B5B9B3F1F0DDD580056E239 /* Base */ = {isa = PBXFileReference; lastKnownFileType = file.storyboard; name = Base; path = Base.lproj/Main.storyboard; sourceTree = "<group>"; };
		4B5B9B411F0DDD580056E239 /* Assets.xcassets */ = {isa = PBXFileReference; lastKnownFileType = folder.assetcatalog; path = Assets.xcassets; sourceTree = "<group>"; };
		4B5B9B441F0DDD580056E239 /* Base */ = {isa = PBXFileReference; lastKnownFileType = file.storyboard; name = Base; path = Base.lproj/LaunchScreen.storyboard; sourceTree = "<group>"; };
		4B5B9B461F0DDD580056E239 /* Info.plist */ = {isa = PBXFileReference; lastKnownFileType = text.plist.xml; path = Info.plist; sourceTree = "<group>"; };
		63DB5DC127936CD100F3F4AF /* ToDoDemoTests.xctest */ = {isa = PBXFileReference; explicitFileType = wrapper.cfbundle; includeInIndex = 0; path = ToDoDemoTests.xctest; sourceTree = BUILT_PRODUCTS_DIR; };
		63DB5DC327936CD100F3F4AF /* ToDoDemoTests.swift */ = {isa = PBXFileReference; lastKnownFileType = sourcecode.swift; path = ToDoDemoTests.swift; sourceTree = "<group>"; };
		63DB5DCC2794331B00F3F4AF /* TablePresenter.swift */ = {isa = PBXFileReference; lastKnownFileType = sourcecode.swift; path = TablePresenter.swift; sourceTree = "<group>"; };
		63DB5DD12794757400F3F4AF /* Section.swift */ = {isa = PBXFileReference; lastKnownFileType = sourcecode.swift; path = Section.swift; sourceTree = "<group>"; };
		63DB5DD3279475B500F3F4AF /* InputSection.swift */ = {isa = PBXFileReference; lastKnownFileType = sourcecode.swift; path = InputSection.swift; sourceTree = "<group>"; };
		63DB5DD5279475E500F3F4AF /* ToDoSection.swift */ = {isa = PBXFileReference; lastKnownFileType = sourcecode.swift; path = ToDoSection.swift; sourceTree = "<group>"; };
		63DB5DD72795201000F3F4AF /* ToDoUIComposer.swift */ = {isa = PBXFileReference; lastKnownFileType = sourcecode.swift; path = ToDoUIComposer.swift; sourceTree = "<group>"; };
		63DB5DDB279523F600F3F4AF /* AppDelegateTests.swift */ = {isa = PBXFileReference; lastKnownFileType = sourcecode.swift; path = AppDelegateTests.swift; sourceTree = "<group>"; };
		63DB5DDD2795654E00F3F4AF /* WeakRefVirtualProxy.swift */ = {isa = PBXFileReference; lastKnownFileType = sourcecode.swift; path = WeakRefVirtualProxy.swift; sourceTree = "<group>"; };
		D1CA9FF71F0E4FA6003EA944 /* ToDoStore.swift */ = {isa = PBXFileReference; lastKnownFileType = sourcecode.swift; path = ToDoStore.swift; sourceTree = "<group>"; };
/* End PBXFileReference section */

/* Begin PBXFrameworksBuildPhase section */
		4B5B9B341F0DDD580056E239 /* Frameworks */ = {
			isa = PBXFrameworksBuildPhase;
			buildActionMask = 2147483647;
			files = (
			);
			runOnlyForDeploymentPostprocessing = 0;
		};
		63DB5DBE27936CD100F3F4AF /* Frameworks */ = {
			isa = PBXFrameworksBuildPhase;
			buildActionMask = 2147483647;
			files = (
			);
			runOnlyForDeploymentPostprocessing = 0;
		};
/* End PBXFrameworksBuildPhase section */

/* Begin PBXGroup section */
		4B5B9B2E1F0DDD580056E239 = {
			isa = PBXGroup;
			children = (
				4B5B9B391F0DDD580056E239 /* ToDoDemo */,
				63DB5DC227936CD100F3F4AF /* ToDoDemoTests */,
				4B5B9B381F0DDD580056E239 /* Products */,
			);
			sourceTree = "<group>";
		};
		4B5B9B381F0DDD580056E239 /* Products */ = {
			isa = PBXGroup;
			children = (
				4B5B9B371F0DDD580056E239 /* ToDoDemo.app */,
				63DB5DC127936CD100F3F4AF /* ToDoDemoTests.xctest */,
			);
			name = Products;
			sourceTree = "<group>";
		};
		4B5B9B391F0DDD580056E239 /* ToDoDemo */ = {
			isa = PBXGroup;
			children = (
				4B5B9B3A1F0DDD580056E239 /* AppDelegate.swift */,
				63DB5DD72795201000F3F4AF /* ToDoUIComposer.swift */,
				63DB5DDD2795654E00F3F4AF /* WeakRefVirtualProxy.swift */,
				63DB5DCA2794326F00F3F4AF /* Service */,
				63DB5DCE2794332000F3F4AF /* Presentation */,
				63DB5DD02794755E00F3F4AF /* UI */,
				4B5B9B3E1F0DDD580056E239 /* Main.storyboard */,
				4B5B9B411F0DDD580056E239 /* Assets.xcassets */,
				4B5B9B431F0DDD580056E239 /* LaunchScreen.storyboard */,
				4B5B9B461F0DDD580056E239 /* Info.plist */,
			);
			path = ToDoDemo;
			sourceTree = "<group>";
		};
		63DB5DC227936CD100F3F4AF /* ToDoDemoTests */ = {
			isa = PBXGroup;
			children = (
				63DB5DC327936CD100F3F4AF /* ToDoDemoTests.swift */,
				63DB5DDB279523F600F3F4AF /* AppDelegateTests.swift */,
			);
			path = ToDoDemoTests;
			sourceTree = "<group>";
		};
		63DB5DCA2794326F00F3F4AF /* Service */ = {
			isa = PBXGroup;
			children = (
				D1CA9FF71F0E4FA6003EA944 /* ToDoStore.swift */,
			);
			path = Service;
			sourceTree = "<group>";
		};
		63DB5DCB2794329600F3F4AF /* View */ = {
			isa = PBXGroup;
			children = (
				4B0131351F0E114600F35D70 /* TableInputCell.swift */,
			);
			path = View;
			sourceTree = "<group>";
		};
		63DB5DCE2794332000F3F4AF /* Presentation */ = {
			isa = PBXGroup;
			children = (
				63DB5DCC2794331B00F3F4AF /* TablePresenter.swift */,
			);
			path = Presentation;
			sourceTree = "<group>";
		};
		63DB5DCF2794754600F3F4AF /* Controller */ = {
			isa = PBXGroup;
			children = (
				63DB5DD12794757400F3F4AF /* Section.swift */,
				63DB5DD3279475B500F3F4AF /* InputSection.swift */,
				63DB5DD5279475E500F3F4AF /* ToDoSection.swift */,
				4B5B9B3C1F0DDD580056E239 /* TableViewController.swift */,
			);
			path = Controller;
			sourceTree = "<group>";
		};
		63DB5DD02794755E00F3F4AF /* UI */ = {
			isa = PBXGroup;
			children = (
				63DB5DCF2794754600F3F4AF /* Controller */,
				63DB5DCB2794329600F3F4AF /* View */,
			);
			path = UI;
			sourceTree = "<group>";
		};
/* End PBXGroup section */

/* Begin PBXNativeTarget section */
		4B5B9B361F0DDD580056E239 /* ToDoDemo */ = {
			isa = PBXNativeTarget;
			buildConfigurationList = 4B5B9B491F0DDD580056E239 /* Build configuration list for PBXNativeTarget "ToDoDemo" */;
			buildPhases = (
				4B5B9B331F0DDD580056E239 /* Sources */,
				4B5B9B341F0DDD580056E239 /* Frameworks */,
				4B5B9B351F0DDD580056E239 /* Resources */,
			);
			buildRules = (
			);
			dependencies = (
			);
			name = ToDoDemo;
			productName = ToDoDemo;
			productReference = 4B5B9B371F0DDD580056E239 /* ToDoDemo.app */;
			productType = "com.apple.product-type.application";
		};
		63DB5DC027936CD100F3F4AF /* ToDoDemoTests */ = {
			isa = PBXNativeTarget;
			buildConfigurationList = 63DB5DC727936CD100F3F4AF /* Build configuration list for PBXNativeTarget "ToDoDemoTests" */;
			buildPhases = (
				63DB5DBD27936CD100F3F4AF /* Sources */,
				63DB5DBE27936CD100F3F4AF /* Frameworks */,
				63DB5DBF27936CD100F3F4AF /* Resources */,
			);
			buildRules = (
			);
			dependencies = (
				63DB5DC627936CD100F3F4AF /* PBXTargetDependency */,
			);
			name = ToDoDemoTests;
			productName = ToDoDemoTests;
			productReference = 63DB5DC127936CD100F3F4AF /* ToDoDemoTests.xctest */;
			productType = "com.apple.product-type.bundle.unit-test";
		};
/* End PBXNativeTarget section */

/* Begin PBXProject section */
		4B5B9B2F1F0DDD580056E239 /* Project object */ = {
			isa = PBXProject;
			attributes = {
				LastSwiftUpdateCheck = 1320;
				LastUpgradeCheck = 0900;
				ORGANIZATIONNAME = "OneV's Den";
				TargetAttributes = {
					4B5B9B361F0DDD580056E239 = {
						CreatedOnToolsVersion = 9.0;
						LastSwiftMigration = 1320;
					};
					63DB5DC027936CD100F3F4AF = {
						CreatedOnToolsVersion = 13.2.1;
						ProvisioningStyle = Automatic;
						TestTargetID = 4B5B9B361F0DDD580056E239;
					};
				};
			};
			buildConfigurationList = 4B5B9B321F0DDD580056E239 /* Build configuration list for PBXProject "ToDoDemo" */;
			compatibilityVersion = "Xcode 8.0";
			developmentRegion = en;
			hasScannedForEncodings = 0;
			knownRegions = (
				en,
				Base,
			);
			mainGroup = 4B5B9B2E1F0DDD580056E239;
			productRefGroup = 4B5B9B381F0DDD580056E239 /* Products */;
			projectDirPath = "";
			projectRoot = "";
			targets = (
				4B5B9B361F0DDD580056E239 /* ToDoDemo */,
				63DB5DC027936CD100F3F4AF /* ToDoDemoTests */,
			);
		};
/* End PBXProject section */

/* Begin PBXResourcesBuildPhase section */
		4B5B9B351F0DDD580056E239 /* Resources */ = {
			isa = PBXResourcesBuildPhase;
			buildActionMask = 2147483647;
			files = (
				4B5B9B451F0DDD580056E239 /* LaunchScreen.storyboard in Resources */,
				4B5B9B421F0DDD580056E239 /* Assets.xcassets in Resources */,
				4B5B9B401F0DDD580056E239 /* Main.storyboard in Resources */,
			);
			runOnlyForDeploymentPostprocessing = 0;
		};
		63DB5DBF27936CD100F3F4AF /* Resources */ = {
			isa = PBXResourcesBuildPhase;
			buildActionMask = 2147483647;
			files = (
			);
			runOnlyForDeploymentPostprocessing = 0;
		};
/* End PBXResourcesBuildPhase section */

/* Begin PBXSourcesBuildPhase section */
		4B5B9B331F0DDD580056E239 /* Sources */ = {
			isa = PBXSourcesBuildPhase;
			buildActionMask = 2147483647;
			files = (
				63DB5DD82795201000F3F4AF /* ToDoUIComposer.swift in Sources */,
				63DB5DD4279475B500F3F4AF /* InputSection.swift in Sources */,
				63DB5DDE2795654E00F3F4AF /* WeakRefVirtualProxy.swift in Sources */,
				4B5B9B3D1F0DDD580056E239 /* TableViewController.swift in Sources */,
				D1CA9FF81F0E4FA6003EA944 /* ToDoStore.swift in Sources */,
				63DB5DCD2794331B00F3F4AF /* TablePresenter.swift in Sources */,
				63DB5DD22794757400F3F4AF /* Section.swift in Sources */,
				4B0131361F0E114600F35D70 /* TableInputCell.swift in Sources */,
				4B5B9B3B1F0DDD580056E239 /* AppDelegate.swift in Sources */,
				63DB5DD6279475E500F3F4AF /* ToDoSection.swift in Sources */,
			);
			runOnlyForDeploymentPostprocessing = 0;
		};
		63DB5DBD27936CD100F3F4AF /* Sources */ = {
			isa = PBXSourcesBuildPhase;
			buildActionMask = 2147483647;
			files = (
				63DB5DDC279523F600F3F4AF /* AppDelegateTests.swift in Sources */,
				63DB5DC427936CD100F3F4AF /* ToDoDemoTests.swift in Sources */,
			);
			runOnlyForDeploymentPostprocessing = 0;
		};
/* End PBXSourcesBuildPhase section */

/* Begin PBXTargetDependency section */
		63DB5DC627936CD100F3F4AF /* PBXTargetDependency */ = {
			isa = PBXTargetDependency;
			target = 4B5B9B361F0DDD580056E239 /* ToDoDemo */;
			targetProxy = 63DB5DC527936CD100F3F4AF /* PBXContainerItemProxy */;
		};
/* End PBXTargetDependency section */

/* Begin PBXVariantGroup section */
		4B5B9B3E1F0DDD580056E239 /* Main.storyboard */ = {
			isa = PBXVariantGroup;
			children = (
				4B5B9B3F1F0DDD580056E239 /* Base */,
			);
			name = Main.storyboard;
			sourceTree = "<group>";
		};
		4B5B9B431F0DDD580056E239 /* LaunchScreen.storyboard */ = {
			isa = PBXVariantGroup;
			children = (
				4B5B9B441F0DDD580056E239 /* Base */,
			);
			name = LaunchScreen.storyboard;
			sourceTree = "<group>";
		};
/* End PBXVariantGroup section */

/* Begin XCBuildConfiguration section */
		4B5B9B471F0DDD580056E239 /* Debug */ = {
			isa = XCBuildConfiguration;
			buildSettings = {
				ALWAYS_SEARCH_USER_PATHS = NO;
				CLANG_ANALYZER_NONNULL = YES;
				CLANG_ANALYZER_NUMBER_OBJECT_CONVERSION = YES_AGGRESSIVE;
				CLANG_CXX_LANGUAGE_STANDARD = "gnu++14";
				CLANG_CXX_LIBRARY = "libc++";
				CLANG_ENABLE_MODULES = YES;
				CLANG_ENABLE_OBJC_ARC = YES;
				CLANG_WARN_BLOCK_CAPTURE_AUTORELEASING = YES;
				CLANG_WARN_BOOL_CONVERSION = YES;
				CLANG_WARN_COMMA = YES;
				CLANG_WARN_CONSTANT_CONVERSION = YES;
				CLANG_WARN_DIRECT_OBJC_ISA_USAGE = YES_ERROR;
				CLANG_WARN_DOCUMENTATION_COMMENTS = YES;
				CLANG_WARN_EMPTY_BODY = YES;
				CLANG_WARN_ENUM_CONVERSION = YES;
				CLANG_WARN_INFINITE_RECURSION = YES;
				CLANG_WARN_INT_CONVERSION = YES;
				CLANG_WARN_OBJC_ROOT_CLASS = YES_ERROR;
				CLANG_WARN_RANGE_LOOP_ANALYSIS = YES;
				CLANG_WARN_STRICT_PROTOTYPES = YES;
				CLANG_WARN_SUSPICIOUS_MOVE = YES;
				CLANG_WARN_UNGUARDED_AVAILABILITY = YES_AGGRESSIVE;
				CLANG_WARN_UNREACHABLE_CODE = YES;
				CLANG_WARN__DUPLICATE_METHOD_MATCH = YES;
				CODE_SIGN_IDENTITY = "iPhone Developer";
				COPY_PHASE_STRIP = NO;
				DEBUG_INFORMATION_FORMAT = dwarf;
				ENABLE_STRICT_OBJC_MSGSEND = YES;
				ENABLE_TESTABILITY = YES;
				GCC_C_LANGUAGE_STANDARD = gnu11;
				GCC_DYNAMIC_NO_PIC = NO;
				GCC_NO_COMMON_BLOCKS = YES;
				GCC_OPTIMIZATION_LEVEL = 0;
				GCC_PREPROCESSOR_DEFINITIONS = (
					"DEBUG=1",
					"$(inherited)",
				);
				GCC_WARN_64_TO_32_BIT_CONVERSION = YES;
				GCC_WARN_ABOUT_RETURN_TYPE = YES_ERROR;
				GCC_WARN_UNDECLARED_SELECTOR = YES;
				GCC_WARN_UNINITIALIZED_AUTOS = YES_AGGRESSIVE;
				GCC_WARN_UNUSED_FUNCTION = YES;
				GCC_WARN_UNUSED_VARIABLE = YES;
				IPHONEOS_DEPLOYMENT_TARGET = 11.0;
				MTL_ENABLE_DEBUG_INFO = YES;
				ONLY_ACTIVE_ARCH = YES;
				SDKROOT = iphoneos;
				SWIFT_ACTIVE_COMPILATION_CONDITIONS = DEBUG;
				SWIFT_OPTIMIZATION_LEVEL = "-Onone";
			};
			name = Debug;
		};
		4B5B9B481F0DDD580056E239 /* Release */ = {
			isa = XCBuildConfiguration;
			buildSettings = {
				ALWAYS_SEARCH_USER_PATHS = NO;
				CLANG_ANALYZER_NONNULL = YES;
				CLANG_ANALYZER_NUMBER_OBJECT_CONVERSION = YES_AGGRESSIVE;
				CLANG_CXX_LANGUAGE_STANDARD = "gnu++14";
				CLANG_CXX_LIBRARY = "libc++";
				CLANG_ENABLE_MODULES = YES;
				CLANG_ENABLE_OBJC_ARC = YES;
				CLANG_WARN_BLOCK_CAPTURE_AUTORELEASING = YES;
				CLANG_WARN_BOOL_CONVERSION = YES;
				CLANG_WARN_COMMA = YES;
				CLANG_WARN_CONSTANT_CONVERSION = YES;
				CLANG_WARN_DIRECT_OBJC_ISA_USAGE = YES_ERROR;
				CLANG_WARN_DOCUMENTATION_COMMENTS = YES;
				CLANG_WARN_EMPTY_BODY = YES;
				CLANG_WARN_ENUM_CONVERSION = YES;
				CLANG_WARN_INFINITE_RECURSION = YES;
				CLANG_WARN_INT_CONVERSION = YES;
				CLANG_WARN_OBJC_ROOT_CLASS = YES_ERROR;
				CLANG_WARN_RANGE_LOOP_ANALYSIS = YES;
				CLANG_WARN_STRICT_PROTOTYPES = YES;
				CLANG_WARN_SUSPICIOUS_MOVE = YES;
				CLANG_WARN_UNGUARDED_AVAILABILITY = YES_AGGRESSIVE;
				CLANG_WARN_UNREACHABLE_CODE = YES;
				CLANG_WARN__DUPLICATE_METHOD_MATCH = YES;
				CODE_SIGN_IDENTITY = "iPhone Developer";
				COPY_PHASE_STRIP = NO;
				DEBUG_INFORMATION_FORMAT = "dwarf-with-dsym";
				ENABLE_NS_ASSERTIONS = NO;
				ENABLE_STRICT_OBJC_MSGSEND = YES;
				GCC_C_LANGUAGE_STANDARD = gnu11;
				GCC_NO_COMMON_BLOCKS = YES;
				GCC_WARN_64_TO_32_BIT_CONVERSION = YES;
				GCC_WARN_ABOUT_RETURN_TYPE = YES_ERROR;
				GCC_WARN_UNDECLARED_SELECTOR = YES;
				GCC_WARN_UNINITIALIZED_AUTOS = YES_AGGRESSIVE;
				GCC_WARN_UNUSED_FUNCTION = YES;
				GCC_WARN_UNUSED_VARIABLE = YES;
				IPHONEOS_DEPLOYMENT_TARGET = 11.0;
				MTL_ENABLE_DEBUG_INFO = NO;
				SDKROOT = iphoneos;
				SWIFT_OPTIMIZATION_LEVEL = "-Owholemodule";
				VALIDATE_PRODUCT = YES;
			};
			name = Release;
		};
		4B5B9B4A1F0DDD580056E239 /* Debug */ = {
			isa = XCBuildConfiguration;
			buildSettings = {
				ASSETCATALOG_COMPILER_APPICON_NAME = AppIcon;
				INFOPLIST_FILE = ToDoDemo/Info.plist;
				LD_RUNPATH_SEARCH_PATHS = "$(inherited) @executable_path/Frameworks";
				PRODUCT_BUNDLE_IDENTIFIER = com.onevcat.ToDoDemo;
				PRODUCT_NAME = "$(TARGET_NAME)";
				SWIFT_VERSION = 5.0;
				TARGETED_DEVICE_FAMILY = "1,2";
			};
			name = Debug;
		};
		4B5B9B4B1F0DDD580056E239 /* Release */ = {
			isa = XCBuildConfiguration;
			buildSettings = {
				ASSETCATALOG_COMPILER_APPICON_NAME = AppIcon;
				INFOPLIST_FILE = ToDoDemo/Info.plist;
				LD_RUNPATH_SEARCH_PATHS = "$(inherited) @executable_path/Frameworks";
				PRODUCT_BUNDLE_IDENTIFIER = com.onevcat.ToDoDemo;
				PRODUCT_NAME = "$(TARGET_NAME)";
				SWIFT_VERSION = 5.0;
				TARGETED_DEVICE_FAMILY = "1,2";
			};
			name = Release;
		};
		63DB5DC827936CD100F3F4AF /* Debug */ = {
			isa = XCBuildConfiguration;
			buildSettings = {
				BUNDLE_LOADER = "$(TEST_HOST)";
				CLANG_CXX_LANGUAGE_STANDARD = "gnu++17";
				CLANG_ENABLE_OBJC_WEAK = YES;
				CLANG_WARN_DEPRECATED_OBJC_IMPLEMENTATIONS = YES;
				CLANG_WARN_NON_LITERAL_NULL_CONVERSION = YES;
				CLANG_WARN_OBJC_IMPLICIT_RETAIN_SELF = YES;
				CLANG_WARN_OBJC_LITERAL_CONVERSION = YES;
				CLANG_WARN_QUOTED_INCLUDE_IN_FRAMEWORK_HEADER = YES;
				CODE_SIGN_STYLE = Automatic;
				CURRENT_PROJECT_VERSION = 1;
				DEVELOPMENT_TEAM = 7S9CF6BJNF;
				GENERATE_INFOPLIST_FILE = YES;
				IPHONEOS_DEPLOYMENT_TARGET = 11.0;
				MARKETING_VERSION = 1.0;
				MTL_ENABLE_DEBUG_INFO = INCLUDE_SOURCE;
				MTL_FAST_MATH = YES;
				PRODUCT_BUNDLE_IDENTIFIER = paul.lee.dev.ToDoDemoTests;
				PRODUCT_NAME = "$(TARGET_NAME)";
				SWIFT_EMIT_LOC_STRINGS = NO;
				SWIFT_VERSION = 5.0;
				TARGETED_DEVICE_FAMILY = "1,2";
				TEST_HOST = "$(BUILT_PRODUCTS_DIR)/ToDoDemo.app/ToDoDemo";
			};
			name = Debug;
		};
		63DB5DC927936CD100F3F4AF /* Release */ = {
			isa = XCBuildConfiguration;
			buildSettings = {
				BUNDLE_LOADER = "$(TEST_HOST)";
				CLANG_CXX_LANGUAGE_STANDARD = "gnu++17";
				CLANG_ENABLE_OBJC_WEAK = YES;
				CLANG_WARN_DEPRECATED_OBJC_IMPLEMENTATIONS = YES;
				CLANG_WARN_NON_LITERAL_NULL_CONVERSION = YES;
				CLANG_WARN_OBJC_IMPLICIT_RETAIN_SELF = YES;
				CLANG_WARN_OBJC_LITERAL_CONVERSION = YES;
				CLANG_WARN_QUOTED_INCLUDE_IN_FRAMEWORK_HEADER = YES;
				CODE_SIGN_STYLE = Automatic;
				CURRENT_PROJECT_VERSION = 1;
				DEVELOPMENT_TEAM = 7S9CF6BJNF;
				GENERATE_INFOPLIST_FILE = YES;
				IPHONEOS_DEPLOYMENT_TARGET = 11.0;
				MARKETING_VERSION = 1.0;
				MTL_FAST_MATH = YES;
				PRODUCT_BUNDLE_IDENTIFIER = paul.lee.dev.ToDoDemoTests;
				PRODUCT_NAME = "$(TARGET_NAME)";
				SWIFT_EMIT_LOC_STRINGS = NO;
				SWIFT_VERSION = 5.0;
				TARGETED_DEVICE_FAMILY = "1,2";
				TEST_HOST = "$(BUILT_PRODUCTS_DIR)/ToDoDemo.app/ToDoDemo";
			};
			name = Release;
		};
/* End XCBuildConfiguration section */

/* Begin XCConfigurationList section */
		4B5B9B321F0DDD580056E239 /* Build configuration list for PBXProject "ToDoDemo" */ = {
			isa = XCConfigurationList;
			buildConfigurations = (
				4B5B9B471F0DDD580056E239 /* Debug */,
				4B5B9B481F0DDD580056E239 /* Release */,
			);
			defaultConfigurationIsVisible = 0;
			defaultConfigurationName = Release;
		};
		4B5B9B491F0DDD580056E239 /* Build configuration list for PBXNativeTarget "ToDoDemo" */ = {
			isa = XCConfigurationList;
			buildConfigurations = (
				4B5B9B4A1F0DDD580056E239 /* Debug */,
				4B5B9B4B1F0DDD580056E239 /* Release */,
			);
			defaultConfigurationIsVisible = 0;
			defaultConfigurationName = Release;
		};
		63DB5DC727936CD100F3F4AF /* Build configuration list for PBXNativeTarget "ToDoDemoTests" */ = {
			isa = XCConfigurationList;
			buildConfigurations = (
				63DB5DC827936CD100F3F4AF /* Debug */,
				63DB5DC927936CD100F3F4AF /* Release */,
			);
			defaultConfigurationIsVisible = 0;
			defaultConfigurationName = Release;
		};
/* End XCConfigurationList section */
	};
	rootObject = 4B5B9B2F1F0DDD580056E239 /* Project object */;
}
